// !$*UTF8*$!
{
	archiveVersion = 1;
	classes = {
	};
	objectVersion = 56;
	objects = {

/* Begin PBXBuildFile section */
		4DEFE09D2925E403007801F8 /* main.swift in Sources */ = {isa = PBXBuildFile; fileRef = 4DEFE09C2925E403007801F8 /* main.swift */; };
		4DEFE0A42925E9DA007801F8 /* Student.swift in Sources */ = {isa = PBXBuildFile; fileRef = 4DEFE0A32925E9DA007801F8 /* Student.swift */; };
		4DEFE0A62926077E007801F8 /* Subject.swift in Sources */ = {isa = PBXBuildFile; fileRef = 4DEFE0A52926077E007801F8 /* Subject.swift */; };
		4DEFE0A829260789007801F8 /* Grade.swift in Sources */ = {isa = PBXBuildFile; fileRef = 4DEFE0A729260789007801F8 /* Grade.swift */; };
		4DEFE0AA2926136A007801F8 /* InputType.swift in Sources */ = {isa = PBXBuildFile; fileRef = 4DEFE0A92926136A007801F8 /* InputType.swift */; };
		4DEFE0AC292614D8007801F8 /* Input.swift in Sources */ = {isa = PBXBuildFile; fileRef = 4DEFE0AB292614D8007801F8 /* Input.swift */; };
		4DEFE0AE29261F42007801F8 /* Extension + Array.swift in Sources */ = {isa = PBXBuildFile; fileRef = 4DEFE0AD29261F42007801F8 /* Extension + Array.swift */; };
		4DEFE0B32926240F007801F8 /* String + Extension.swift in Sources */ = {isa = PBXBuildFile; fileRef = 4DEFE0B22926240F007801F8 /* String + Extension.swift */; };
		4DEFE0B5292627DD007801F8 /* Category.swift in Sources */ = {isa = PBXBuildFile; fileRef = 4DEFE0B4292627DD007801F8 /* Category.swift */; };
/* End PBXBuildFile section */

/* Begin PBXCopyFilesBuildPhase section */
		4DEFE0972925E403007801F8 /* CopyFiles */ = {
			isa = PBXCopyFilesBuildPhase;
			buildActionMask = 2147483647;
			dstPath = /usr/share/man/man1/;
			dstSubfolderSpec = 0;
			files = (
			);
			runOnlyForDeploymentPostprocessing = 1;
		};
/* End PBXCopyFilesBuildPhase section */

/* Begin PBXFileReference section */
		4DEFE0992925E403007801F8 /* MyCreditManager */ = {isa = PBXFileReference; explicitFileType = "compiled.mach-o.executable"; includeInIndex = 0; path = MyCreditManager; sourceTree = BUILT_PRODUCTS_DIR; };
		4DEFE09C2925E403007801F8 /* main.swift */ = {isa = PBXFileReference; lastKnownFileType = sourcecode.swift; path = main.swift; sourceTree = "<group>"; };
		4DEFE0A32925E9DA007801F8 /* Student.swift */ = {isa = PBXFileReference; lastKnownFileType = sourcecode.swift; path = Student.swift; sourceTree = "<group>"; };
		4DEFE0A52926077E007801F8 /* Subject.swift */ = {isa = PBXFileReference; lastKnownFileType = sourcecode.swift; path = Subject.swift; sourceTree = "<group>"; };
		4DEFE0A729260789007801F8 /* Grade.swift */ = {isa = PBXFileReference; lastKnownFileType = sourcecode.swift; path = Grade.swift; sourceTree = "<group>"; };
		4DEFE0A92926136A007801F8 /* InputType.swift */ = {isa = PBXFileReference; lastKnownFileType = sourcecode.swift; path = InputType.swift; sourceTree = "<group>"; };
		4DEFE0AB292614D8007801F8 /* Input.swift */ = {isa = PBXFileReference; lastKnownFileType = sourcecode.swift; path = Input.swift; sourceTree = "<group>"; };
		4DEFE0AD29261F42007801F8 /* Extension + Array.swift */ = {isa = PBXFileReference; lastKnownFileType = sourcecode.swift; path = "Extension + Array.swift"; sourceTree = "<group>"; };
		4DEFE0B22926240F007801F8 /* String + Extension.swift */ = {isa = PBXFileReference; lastKnownFileType = sourcecode.swift; path = "String + Extension.swift"; sourceTree = "<group>"; };
		4DEFE0B4292627DD007801F8 /* Category.swift */ = {isa = PBXFileReference; lastKnownFileType = sourcecode.swift; path = Category.swift; sourceTree = "<group>"; };
/* End PBXFileReference section */

/* Begin PBXFrameworksBuildPhase section */
		4DEFE0962925E403007801F8 /* Frameworks */ = {
			isa = PBXFrameworksBuildPhase;
			buildActionMask = 2147483647;
			files = (
			);
			runOnlyForDeploymentPostprocessing = 0;
		};
/* End PBXFrameworksBuildPhase section */

/* Begin PBXGroup section */
		4DEFE0902925E403007801F8 = {
			isa = PBXGroup;
			children = (
				4DEFE09B2925E403007801F8 /* MyCreditManager */,
				4DEFE09A2925E403007801F8 /* Products */,
			);
			sourceTree = "<group>";
		};
		4DEFE09A2925E403007801F8 /* Products */ = {
			isa = PBXGroup;
			children = (
				4DEFE0992925E403007801F8 /* MyCreditManager */,
			);
			name = Products;
			sourceTree = "<group>";
		};
		4DEFE09B2925E403007801F8 /* MyCreditManager */ = {
			isa = PBXGroup;
			children = (
				4DEFE09C2925E403007801F8 /* main.swift */,
				4DEFE0B1292623D2007801F8 /* Extension */,
				4DEFE0B0292623CD007801F8 /* Util */,
				4DEFE0AF292623B5007801F8 /* Model */,
			);
			path = MyCreditManager;
			sourceTree = "<group>";
		};
		4DEFE0AF292623B5007801F8 /* Model */ = {
			isa = PBXGroup;
			children = (
				4DEFE0A32925E9DA007801F8 /* Student.swift */,
				4DEFE0A52926077E007801F8 /* Subject.swift */,
				4DEFE0A729260789007801F8 /* Grade.swift */,
				4DEFE0A92926136A007801F8 /* InputType.swift */,
			);
			path = Model;
			sourceTree = "<group>";
		};
		4DEFE0B0292623CD007801F8 /* Util */ = {
			isa = PBXGroup;
			children = (
				4DEFE0AB292614D8007801F8 /* Input.swift */,
				4DEFE0B4292627DD007801F8 /* Category.swift */,
			);
			path = Util;
			sourceTree = "<group>";
		};
		4DEFE0B1292623D2007801F8 /* Extension */ = {
			isa = PBXGroup;
			children = (
				4DEFE0AD29261F42007801F8 /* Extension + Array.swift */,
				4DEFE0B22926240F007801F8 /* String + Extension.swift */,
			);
			path = Extension;
			sourceTree = "<group>";
		};
/* End PBXGroup section */

/* Begin PBXNativeTarget section */
		4DEFE0982925E403007801F8 /* MyCreditManager */ = {
			isa = PBXNativeTarget;
			buildConfigurationList = 4DEFE0A02925E403007801F8 /* Build configuration list for PBXNativeTarget "MyCreditManager" */;
			buildPhases = (
				4DEFE0952925E403007801F8 /* Sources */,
				4DEFE0962925E403007801F8 /* Frameworks */,
				4DEFE0972925E403007801F8 /* CopyFiles */,
			);
			buildRules = (
			);
			dependencies = (
			);
			name = MyCreditManager;
			productName = MyCreditManager;
			productReference = 4DEFE0992925E403007801F8 /* MyCreditManager */;
			productType = "com.apple.product-type.tool";
		};
/* End PBXNativeTarget section */

/* Begin PBXProject section */
		4DEFE0912925E403007801F8 /* Project object */ = {
			isa = PBXProject;
			attributes = {
				BuildIndependentTargetsInParallel = 1;
				LastSwiftUpdateCheck = 1410;
				LastUpgradeCheck = 1410;
				TargetAttributes = {
					4DEFE0982925E403007801F8 = {
						CreatedOnToolsVersion = 14.1;
					};
				};
			};
			buildConfigurationList = 4DEFE0942925E403007801F8 /* Build configuration list for PBXProject "MyCreditManager" */;
			compatibilityVersion = "Xcode 14.0";
			developmentRegion = en;
			hasScannedForEncodings = 0;
			knownRegions = (
				en,
				Base,
			);
			mainGroup = 4DEFE0902925E403007801F8;
			productRefGroup = 4DEFE09A2925E403007801F8 /* Products */;
			projectDirPath = "";
			projectRoot = "";
			targets = (
				4DEFE0982925E403007801F8 /* MyCreditManager */,
			);
		};
/* End PBXProject section */

/* Begin PBXSourcesBuildPhase section */
		4DEFE0952925E403007801F8 /* Sources */ = {
			isa = PBXSourcesBuildPhase;
			buildActionMask = 2147483647;
			files = (
				4DEFE0AC292614D8007801F8 /* Input.swift in Sources */,
				4DEFE0AE29261F42007801F8 /* Extension + Array.swift in Sources */,
				4DEFE0B32926240F007801F8 /* String + Extension.swift in Sources */,
				4DEFE0AA2926136A007801F8 /* InputType.swift in Sources */,
				4DEFE09D2925E403007801F8 /* main.swift in Sources */,
				4DEFE0B5292627DD007801F8 /* Category.swift in Sources */,
				4DEFE0A829260789007801F8 /* Grade.swift in Sources */,
				4DEFE0A62926077E007801F8 /* Subject.swift in Sources */,
				4DEFE0A42925E9DA007801F8 /* Student.swift in Sources */,
			);
			runOnlyForDeploymentPostprocessing = 0;
		};
/* End PBXSourcesBuildPhase section */

/* Begin XCBuildConfiguration section */
		4DEFE09E2925E403007801F8 /* Debug */ = {
			isa = XCBuildConfiguration;
			buildSettings = {
				ALWAYS_SEARCH_USER_PATHS = NO;
				CLANG_ANALYZER_NONNULL = YES;
				CLANG_ANALYZER_NUMBER_OBJECT_CONVERSION = YES_AGGRESSIVE;
				CLANG_CXX_LANGUAGE_STANDARD = "gnu++20";
				CLANG_ENABLE_MODULES = YES;
				CLANG_ENABLE_OBJC_ARC = YES;
				CLANG_ENABLE_OBJC_WEAK = YES;
				CLANG_WARN_BLOCK_CAPTURE_AUTORELEASING = YES;
				CLANG_WARN_BOOL_CONVERSION = YES;
				CLANG_WARN_COMMA = YES;
				CLANG_WARN_CONSTANT_CONVERSION = YES;
				CLANG_WARN_DEPRECATED_OBJC_IMPLEMENTATIONS = YES;
				CLANG_WARN_DIRECT_OBJC_ISA_USAGE = YES_ERROR;
				CLANG_WARN_DOCUMENTATION_COMMENTS = YES;
				CLANG_WARN_EMPTY_BODY = YES;
				CLANG_WARN_ENUM_CONVERSION = YES;
				CLANG_WARN_INFINITE_RECURSION = YES;
				CLANG_WARN_INT_CONVERSION = YES;
				CLANG_WARN_NON_LITERAL_NULL_CONVERSION = YES;
				CLANG_WARN_OBJC_IMPLICIT_RETAIN_SELF = YES;
				CLANG_WARN_OBJC_LITERAL_CONVERSION = YES;
				CLANG_WARN_OBJC_ROOT_CLASS = YES_ERROR;
				CLANG_WARN_QUOTED_INCLUDE_IN_FRAMEWORK_HEADER = YES;
				CLANG_WARN_RANGE_LOOP_ANALYSIS = YES;
				CLANG_WARN_STRICT_PROTOTYPES = YES;
				CLANG_WARN_SUSPICIOUS_MOVE = YES;
				CLANG_WARN_UNGUARDED_AVAILABILITY = YES_AGGRESSIVE;
				CLANG_WARN_UNREACHABLE_CODE = YES;
				CLANG_WARN__DUPLICATE_METHOD_MATCH = YES;
				COPY_PHASE_STRIP = NO;
				DEBUG_INFORMATION_FORMAT = dwarf;
				ENABLE_STRICT_OBJC_MSGSEND = YES;
				ENABLE_TESTABILITY = YES;
				GCC_C_LANGUAGE_STANDARD = gnu11;
				GCC_DYNAMIC_NO_PIC = NO;
				GCC_NO_COMMON_BLOCKS = YES;
				GCC_OPTIMIZATION_LEVEL = 0;
				GCC_PREPROCESSOR_DEFINITIONS = (
					"DEBUG=1",
					"$(inherited)",
				);
				GCC_WARN_64_TO_32_BIT_CONVERSION = YES;
				GCC_WARN_ABOUT_RETURN_TYPE = YES_ERROR;
				GCC_WARN_UNDECLARED_SELECTOR = YES;
				GCC_WARN_UNINITIALIZED_AUTOS = YES_AGGRESSIVE;
				GCC_WARN_UNUSED_FUNCTION = YES;
				GCC_WARN_UNUSED_VARIABLE = YES;
				MACOSX_DEPLOYMENT_TARGET = 13.0;
				MTL_ENABLE_DEBUG_INFO = INCLUDE_SOURCE;
				MTL_FAST_MATH = YES;
				ONLY_ACTIVE_ARCH = YES;
				SDKROOT = macosx;
				SWIFT_ACTIVE_COMPILATION_CONDITIONS = DEBUG;
				SWIFT_OPTIMIZATION_LEVEL = "-Onone";
			};
			name = Debug;
		};
		4DEFE09F2925E403007801F8 /* Release */ = {
			isa = XCBuildConfiguration;
			buildSettings = {
				ALWAYS_SEARCH_USER_PATHS = NO;
				CLANG_ANALYZER_NONNULL = YES;
				CLANG_ANALYZER_NUMBER_OBJECT_CONVERSION = YES_AGGRESSIVE;
				CLANG_CXX_LANGUAGE_STANDARD = "gnu++20";
				CLANG_ENABLE_MODULES = YES;
				CLANG_ENABLE_OBJC_ARC = YES;
				CLANG_ENABLE_OBJC_WEAK = YES;
				CLANG_WARN_BLOCK_CAPTURE_AUTORELEASING = YES;
				CLANG_WARN_BOOL_CONVERSION = YES;
				CLANG_WARN_COMMA = YES;
				CLANG_WARN_CONSTANT_CONVERSION = YES;
				CLANG_WARN_DEPRECATED_OBJC_IMPLEMENTATIONS = YES;
				CLANG_WARN_DIRECT_OBJC_ISA_USAGE = YES_ERROR;
				CLANG_WARN_DOCUMENTATION_COMMENTS = YES;
				CLANG_WARN_EMPTY_BODY = YES;
				CLANG_WARN_ENUM_CONVERSION = YES;
				CLANG_WARN_INFINITE_RECURSION = YES;
				CLANG_WARN_INT_CONVERSION = YES;
				CLANG_WARN_NON_LITERAL_NULL_CONVERSION = YES;
				CLANG_WARN_OBJC_IMPLICIT_RETAIN_SELF = YES;
				CLANG_WARN_OBJC_LITERAL_CONVERSION = YES;
				CLANG_WARN_OBJC_ROOT_CLASS = YES_ERROR;
				CLANG_WARN_QUOTED_INCLUDE_IN_FRAMEWORK_HEADER = YES;
				CLANG_WARN_RANGE_LOOP_ANALYSIS = YES;
				CLANG_WARN_STRICT_PROTOTYPES = YES;
				CLANG_WARN_SUSPICIOUS_MOVE = YES;
				CLANG_WARN_UNGUARDED_AVAILABILITY = YES_AGGRESSIVE;
				CLANG_WARN_UNREACHABLE_CODE = YES;
				CLANG_WARN__DUPLICATE_METHOD_MATCH = YES;
				COPY_PHASE_STRIP = NO;
				DEBUG_INFORMATION_FORMAT = "dwarf-with-dsym";
				ENABLE_NS_ASSERTIONS = NO;
				ENABLE_STRICT_OBJC_MSGSEND = YES;
				GCC_C_LANGUAGE_STANDARD = gnu11;
				GCC_NO_COMMON_BLOCKS = YES;
				GCC_WARN_64_TO_32_BIT_CONVERSION = YES;
				GCC_WARN_ABOUT_RETURN_TYPE = YES_ERROR;
				GCC_WARN_UNDECLARED_SELECTOR = YES;
				GCC_WARN_UNINITIALIZED_AUTOS = YES_AGGRESSIVE;
				GCC_WARN_UNUSED_FUNCTION = YES;
				GCC_WARN_UNUSED_VARIABLE = YES;
				MACOSX_DEPLOYMENT_TARGET = 13.0;
				MTL_ENABLE_DEBUG_INFO = NO;
				MTL_FAST_MATH = YES;
				SDKROOT = macosx;
				SWIFT_COMPILATION_MODE = wholemodule;
				SWIFT_OPTIMIZATION_LEVEL = "-O";
			};
			name = Release;
		};
		4DEFE0A12925E403007801F8 /* Debug */ = {
			isa = XCBuildConfiguration;
			buildSettings = {
				CODE_SIGN_STYLE = Automatic;
				DEVELOPMENT_TEAM = 2KQLD72485;
				ENABLE_HARDENED_RUNTIME = YES;
				PRODUCT_NAME = "$(TARGET_NAME)";
				SWIFT_VERSION = 5.0;
			};
			name = Debug;
		};
		4DEFE0A22925E403007801F8 /* Release */ = {
			isa = XCBuildConfiguration;
			buildSettings = {
				CODE_SIGN_STYLE = Automatic;
				DEVELOPMENT_TEAM = 2KQLD72485;
				ENABLE_HARDENED_RUNTIME = YES;
				PRODUCT_NAME = "$(TARGET_NAME)";
				SWIFT_VERSION = 5.0;
			};
			name = Release;
		};
/* End XCBuildConfiguration section */

/* Begin XCConfigurationList section */
		4DEFE0942925E403007801F8 /* Build configuration list for PBXProject "MyCreditManager" */ = {
			isa = XCConfigurationList;
			buildConfigurations = (
				4DEFE09E2925E403007801F8 /* Debug */,
				4DEFE09F2925E403007801F8 /* Release */,
			);
			defaultConfigurationIsVisible = 0;
			defaultConfigurationName = Release;
		};
		4DEFE0A02925E403007801F8 /* Build configuration list for PBXNativeTarget "MyCreditManager" */ = {
			isa = XCConfigurationList;
			buildConfigurations = (
				4DEFE0A12925E403007801F8 /* Debug */,
				4DEFE0A22925E403007801F8 /* Release */,
			);
			defaultConfigurationIsVisible = 0;
			defaultConfigurationName = Release;
		};
/* End XCConfigurationList section */
	};
	rootObject = 4DEFE0912925E403007801F8 /* Project object */;
}
